
Microsoft Visual Studio Solution File, Format Version 12.00
# Visual Studio Version 17
VisualStudioVersion = 17.5.33627.172
MinimumVisualStudioVersion = 10.0.40219.1
Project("{8BC9CEB8-8B4A-11D0-8D11-00A0C91BC942}") = "Pewarisan", "Pewarisan\Pewarisan.vcxproj", "{61ACA06C-DFAF-4352-807F-652045730938}"
EndProject
Project("{8BC9CEB8-8B4A-11D0-8D11-00A0C91BC942}") = "Asosiasi", "Asosiasi\Asosiasi.vcxproj", "{0B911281-E232-43E8-A3B5-99D93DD5430C}"
EndProject
Project("{8BC9CEB8-8B4A-11D0-8D11-00A0C91BC942}") = "mainIA", "mainIA\mainIA.vcxproj", "{92F1DE6C-2F73-4B4E-A350-4DA2C9D1608D}"
EndProject
Global
	GlobalSection(SolutionConfigurationPlatforms) = preSolution
		Debug|x64 = Debug|x64
		Debug|x86 = Debug|x86
		Release|x64 = Release|x64
		Release|x86 = Release|x86
	EndGlobalSection
	GlobalSection(ProjectConfigurationPlatforms) = postSolution
		{61ACA06C-DFAF-4352-807F-652045730938}.Debug|x64.ActiveCfg = Debug|x64
		{61ACA06C-DFAF-4352-807F-652045730938}.Debug|x64.Build.0 = Debug|x64
		{61ACA06C-DFAF-4352-807F-652045730938}.Debug|x86.ActiveCfg = Debug|Win32
		{61ACA06C-DFAF-4352-807F-652045730938}.Debug|x86.Build.0 = Debug|Win32
		{61ACA06C-DFAF-4352-807F-652045730938}.Release|x64.ActiveCfg = Release|x64
		{61ACA06C-DFAF-4352-807F-652045730938}.Release|x64.Build.0 = Release|x64
		{61ACA06C-DFAF-4352-807F-652045730938}.Release|x86.ActiveCfg = Release|Win32
		{61ACA06C-DFAF-4352-807F-652045730938}.Release|x86.Build.0 = Release|Win32
		{0B911281-E232-43E8-A3B5-99D93DD5430C}.Debug|x64.ActiveCfg = Debug|x64
		{0B911281-E232-43E8-A3B5-99D93DD5430C}.Debug|x64.Build.0 = Debug|x64
		{0B911281-E232-43E8-A3B5-99D93DD5430C}.Debug|x86.ActiveCfg = Debug|Win32
		{0B911281-E232-43E8-A3B5-99D93DD5430C}.Debug|x86.Build.0 = Debug|Win32
		{0B911281-E232-43E8-A3B5-99D93DD5430C}.Release|x64.ActiveCfg = Release|x64
		{0B911281-E232-43E8-A3B5-99D93DD5430C}.Release|x64.Build.0 = Release|x64
		{0B911281-E232-43E8-A3B5-99D93DD5430C}.Release|x86.ActiveCfg = Release|Win32
		{0B911281-E232-43E8-A3B5-99D93DD5430C}.Release|x86.Build.0 = Release|Win32
		{92F1DE6C-2F73-4B4E-A350-4DA2C9D1608D}.Debug|x64.ActiveCfg = Debug|x64
		{92F1DE6C-2F73-4B4E-A350-4DA2C9D1608D}.Debug|x64.Build.0 = Debug|x64
		{92F1DE6C-2F73-4B4E-A350-4DA2C9D1608D}.Debug|x86.ActiveCfg = Debug|Win32
		{92F1DE6C-2F73-4B4E-A350-4DA2C9D1608D}.Debug|x86.Build.0 = Debug|Win32
		{92F1DE6C-2F73-4B4E-A350-4DA2C9D1608D}.Release|x64.ActiveCfg = Release|x64
		{92F1DE6C-2F73-4B4E-A350-4DA2C9D1608D}.Release|x64.Build.0 = Release|x64
		{92F1DE6C-2F73-4B4E-A350-4DA2C9D1608D}.Release|x86.ActiveCfg = Release|Win32
		{92F1DE6C-2F73-4B4E-A350-4DA2C9D1608D}.Release|x86.Build.0 = Release|Win32
	EndGlobalSection
	GlobalSection(SolutionProperties) = preSolution
		HideSolutionNode = FALSE
	EndGlobalSection
	GlobalSection(ExtensibilityGlobals) = postSolution
		SolutionGuid = {D7490940-D9E1-4314-A77F-A3CDD17DA3A7}
	EndGlobalSection
EndGlobal
